
Microsoft Visual Studio Solution File, Format Version 12.00
Project("{FAE04EC0-301F-11D3-BF4B-00C04F79EFBC}") = "DogProject", "DogProject\DogProject.csproj", "{0BB5292C-0678-442E-963D-49148BF0F392}"
EndProject
Project("{FAE04EC0-301F-11D3-BF4B-00C04F79EFBC}") = "DogProject.Domain", "DogProject.Domain\DogProject.Domain.csproj", "{72EB02CE-6174-43A6-B4BB-48BA72D37381}"
EndProject
Project("{FAE04EC0-301F-11D3-BF4B-00C04F79EFBC}") = "DogProject.Infrastructure", "DogProject.Infrastructure\DogProject.Infrastructure.csproj", "{CD18E113-8BAC-4567-892B-4522DC81E223}"
EndProject
Project("{FAE04EC0-301F-11D3-BF4B-00C04F79EFBC}") = "DogProject.Application", "DogProject.Application\DogProject.Application.csproj", "{AC440BE3-07B3-4577-ABF7-A0CA0A0300A0}"
EndProject
Project("{FAE04EC0-301F-11D3-BF4B-00C04F79EFBC}") = "DogProject.Tests", "DogProject.Tests\DogProject.Tests.csproj", "{A19685C4-6788-4335-9199-349F0BC66DA6}"
EndProject
Global
	GlobalSection(SolutionConfigurationPlatforms) = preSolution
		Debug|Any CPU = Debug|Any CPU
		Release|Any CPU = Release|Any CPU
	EndGlobalSection
	GlobalSection(ProjectConfigurationPlatforms) = postSolution
		{0BB5292C-0678-442E-963D-49148BF0F392}.Debug|Any CPU.ActiveCfg = Debug|Any CPU
		{0BB5292C-0678-442E-963D-49148BF0F392}.Debug|Any CPU.Build.0 = Debug|Any CPU
		{0BB5292C-0678-442E-963D-49148BF0F392}.Release|Any CPU.ActiveCfg = Release|Any CPU
		{0BB5292C-0678-442E-963D-49148BF0F392}.Release|Any CPU.Build.0 = Release|Any CPU
		{72EB02CE-6174-43A6-B4BB-48BA72D37381}.Debug|Any CPU.ActiveCfg = Debug|Any CPU
		{72EB02CE-6174-43A6-B4BB-48BA72D37381}.Debug|Any CPU.Build.0 = Debug|Any CPU
		{72EB02CE-6174-43A6-B4BB-48BA72D37381}.Release|Any CPU.ActiveCfg = Release|Any CPU
		{72EB02CE-6174-43A6-B4BB-48BA72D37381}.Release|Any CPU.Build.0 = Release|Any CPU
		{CD18E113-8BAC-4567-892B-4522DC81E223}.Debug|Any CPU.ActiveCfg = Debug|Any CPU
		{CD18E113-8BAC-4567-892B-4522DC81E223}.Debug|Any CPU.Build.0 = Debug|Any CPU
		{CD18E113-8BAC-4567-892B-4522DC81E223}.Release|Any CPU.ActiveCfg = Release|Any CPU
		{CD18E113-8BAC-4567-892B-4522DC81E223}.Release|Any CPU.Build.0 = Release|Any CPU
		{AC440BE3-07B3-4577-ABF7-A0CA0A0300A0}.Debug|Any CPU.ActiveCfg = Debug|Any CPU
		{AC440BE3-07B3-4577-ABF7-A0CA0A0300A0}.Debug|Any CPU.Build.0 = Debug|Any CPU
		{AC440BE3-07B3-4577-ABF7-A0CA0A0300A0}.Release|Any CPU.ActiveCfg = Release|Any CPU
		{AC440BE3-07B3-4577-ABF7-A0CA0A0300A0}.Release|Any CPU.Build.0 = Release|Any CPU
		{A19685C4-6788-4335-9199-349F0BC66DA6}.Debug|Any CPU.ActiveCfg = Debug|Any CPU
		{A19685C4-6788-4335-9199-349F0BC66DA6}.Debug|Any CPU.Build.0 = Debug|Any CPU
		{A19685C4-6788-4335-9199-349F0BC66DA6}.Release|Any CPU.ActiveCfg = Release|Any CPU
		{A19685C4-6788-4335-9199-349F0BC66DA6}.Release|Any CPU.Build.0 = Release|Any CPU
	EndGlobalSection
EndGlobal
